
Microsoft Visual Studio Solution File, Format Version 12.00
# Visual Studio Version 17
VisualStudioVersion = 17.14.36221.1 d17.14
MinimumVisualStudioVersion = 10.0.40219.1
Project("{FAE04EC0-301F-11D3-BF4B-00C04F79EFBC}") = "PM", "PM\PM.csproj", "{42FCA059-7AE8-44D9-A682-8970D1AF8EE7}"
EndProject
Global
	GlobalSection(SolutionConfigurationPlatforms) = preSolution
		Debug|Any CPU = Debug|Any CPU
		Release|Any CPU = Release|Any CPU
	EndGlobalSection
	GlobalSection(ProjectConfigurationPlatforms) = postSolution
		{42FCA059-7AE8-44D9-A682-8970D1AF8EE7}.Debug|Any CPU.ActiveCfg = Debug|Any CPU
		{42FCA059-7AE8-44D9-A682-8970D1AF8EE7}.Debug|Any CPU.Build.0 = Debug|Any CPU
		{42FCA059-7AE8-44D9-A682-8970D1AF8EE7}.Release|Any CPU.ActiveCfg = Release|Any CPU
		{42FCA059-7AE8-44D9-A682-8970D1AF8EE7}.Release|Any CPU.Build.0 = Release|Any CPU
	EndGlobalSection
	GlobalSection(SolutionProperties) = preSolution
		HideSolutionNode = FALSE
	EndGlobalSection
	GlobalSection(ExtensibilityGlobals) = postSolution
		SolutionGuid = {A8F01F3B-2526-4EC6-8AD9-41DBC12AD47A}
	EndGlobalSection
EndGlobal
